
Microsoft Visual Studio Solution File, Format Version 12.00
# Visual Studio 15
VisualStudioVersion = 15.0.27703.2047
MinimumVisualStudioVersion = 10.0.40219.1
Project("{9A19103F-16F7-4668-BE54-9A1E7A4F7556}") = "lanches.domain", "lanches.domain\lanches.domain.csproj", "{65B88184-1381-4830-BA36-E48DF9B17101}"
EndProject
Project("{FAE04EC0-301F-11D3-BF4B-00C04F79EFBC}") = "lanches.console", "lanches.console\lanches.console.csproj", "{A7F01379-A1F2-4E40-9B15-F46C6FD168E1}"
EndProject
Global
	GlobalSection(SolutionConfigurationPlatforms) = preSolution
		Debug|Any CPU = Debug|Any CPU
		Release|Any CPU = Release|Any CPU
	EndGlobalSection
	GlobalSection(ProjectConfigurationPlatforms) = postSolution
		{65B88184-1381-4830-BA36-E48DF9B17101}.Debug|Any CPU.ActiveCfg = Debug|Any CPU
		{65B88184-1381-4830-BA36-E48DF9B17101}.Debug|Any CPU.Build.0 = Debug|Any CPU
		{65B88184-1381-4830-BA36-E48DF9B17101}.Release|Any CPU.ActiveCfg = Release|Any CPU
		{65B88184-1381-4830-BA36-E48DF9B17101}.Release|Any CPU.Build.0 = Release|Any CPU
		{A7F01379-A1F2-4E40-9B15-F46C6FD168E1}.Debug|Any CPU.ActiveCfg = Debug|Any CPU
		{A7F01379-A1F2-4E40-9B15-F46C6FD168E1}.Debug|Any CPU.Build.0 = Debug|Any CPU
		{A7F01379-A1F2-4E40-9B15-F46C6FD168E1}.Release|Any CPU.ActiveCfg = Release|Any CPU
		{A7F01379-A1F2-4E40-9B15-F46C6FD168E1}.Release|Any CPU.Build.0 = Release|Any CPU
	EndGlobalSection
	GlobalSection(SolutionProperties) = preSolution
		HideSolutionNode = FALSE
	EndGlobalSection
	GlobalSection(ExtensibilityGlobals) = postSolution
		SolutionGuid = {3C954E50-5F49-48E7-AAC6-81D9F5B3DC39}
	EndGlobalSection
EndGlobal
