
Microsoft Visual Studio Solution File, Format Version 12.00
# Visual Studio 15
VisualStudioVersion = 15.0.27703.2047
MinimumVisualStudioVersion = 10.0.40219.1
Project("{9A19103F-16F7-4668-BE54-9A1E7A4F7556}") = "lanches.domain", "lanches.domain\lanches.domain.csproj", "{65B88184-1381-4830-BA36-E48DF9B17101}"
EndProject
Project("{9A19103F-16F7-4668-BE54-9A1E7A4F7556}") = "lanches.api", "lanches.api\lanches.api.csproj", "{5EF904D3-0BFA-40E3-BA39-D4BD10FE0136}"
EndProject
Project("{2150E333-8FDC-42A3-9474-1A3956D46DE8}") = "1 - Presentation", "1 - Presentation", "{A31DE62A-6D48-49F4-8152-1BF5AC1DC7DB}"
EndProject
Project("{2150E333-8FDC-42A3-9474-1A3956D46DE8}") = "2 - Application", "2 - Application", "{A5B566C5-E958-4366-BDA7-E8145D02501C}"
EndProject
Project("{2150E333-8FDC-42A3-9474-1A3956D46DE8}") = "3 - Domain", "3 - Domain", "{210BDC3F-47CB-4C9C-A26A-58AF1C7EEBCD}"
EndProject
Project("{2150E333-8FDC-42A3-9474-1A3956D46DE8}") = "4 - Infra", "4 - Infra", "{3D0B54EC-BFF9-41CE-8FA3-F1EB7F439E24}"
EndProject
Project("{2150E333-8FDC-42A3-9474-1A3956D46DE8}") = "5 - CrossCuting", "5 - CrossCuting", "{6C8C78EF-5F8B-45F7-A85B-5E6D38806416}"
EndProject
Project("{2150E333-8FDC-42A3-9474-1A3956D46DE8}") = "6 - Tests", "6 - Tests", "{10F7F18B-81A4-4DC6-AFB2-F8AED7CB0E58}"
EndProject
Project("{9A19103F-16F7-4668-BE54-9A1E7A4F7556}") = "lanches.crosscuting", "lanches.crosscuting\lanches.crosscuting.csproj", "{424BA8E7-2AD6-4D15-BF9D-2E3236D0FF6C}"
EndProject
Project("{FAE04EC0-301F-11D3-BF4B-00C04F79EFBC}") = "lanches.tests.domain", "lanches.tests.domain\lanches.tests.domain.csproj", "{70E0CA88-B473-4A95-A647-B564837F81FE}"
EndProject
Global
	GlobalSection(SolutionConfigurationPlatforms) = preSolution
		Debug|Any CPU = Debug|Any CPU
		Release|Any CPU = Release|Any CPU
	EndGlobalSection
	GlobalSection(ProjectConfigurationPlatforms) = postSolution
		{65B88184-1381-4830-BA36-E48DF9B17101}.Debug|Any CPU.ActiveCfg = Debug|Any CPU
		{65B88184-1381-4830-BA36-E48DF9B17101}.Debug|Any CPU.Build.0 = Debug|Any CPU
		{65B88184-1381-4830-BA36-E48DF9B17101}.Release|Any CPU.ActiveCfg = Release|Any CPU
		{65B88184-1381-4830-BA36-E48DF9B17101}.Release|Any CPU.Build.0 = Release|Any CPU
		{5EF904D3-0BFA-40E3-BA39-D4BD10FE0136}.Debug|Any CPU.ActiveCfg = Debug|Any CPU
		{5EF904D3-0BFA-40E3-BA39-D4BD10FE0136}.Debug|Any CPU.Build.0 = Debug|Any CPU
		{5EF904D3-0BFA-40E3-BA39-D4BD10FE0136}.Release|Any CPU.ActiveCfg = Release|Any CPU
		{5EF904D3-0BFA-40E3-BA39-D4BD10FE0136}.Release|Any CPU.Build.0 = Release|Any CPU
		{424BA8E7-2AD6-4D15-BF9D-2E3236D0FF6C}.Debug|Any CPU.ActiveCfg = Debug|Any CPU
		{424BA8E7-2AD6-4D15-BF9D-2E3236D0FF6C}.Debug|Any CPU.Build.0 = Debug|Any CPU
		{424BA8E7-2AD6-4D15-BF9D-2E3236D0FF6C}.Release|Any CPU.ActiveCfg = Release|Any CPU
		{424BA8E7-2AD6-4D15-BF9D-2E3236D0FF6C}.Release|Any CPU.Build.0 = Release|Any CPU
		{70E0CA88-B473-4A95-A647-B564837F81FE}.Debug|Any CPU.ActiveCfg = Debug|Any CPU
		{70E0CA88-B473-4A95-A647-B564837F81FE}.Debug|Any CPU.Build.0 = Debug|Any CPU
		{70E0CA88-B473-4A95-A647-B564837F81FE}.Release|Any CPU.ActiveCfg = Release|Any CPU
		{70E0CA88-B473-4A95-A647-B564837F81FE}.Release|Any CPU.Build.0 = Release|Any CPU
	EndGlobalSection
	GlobalSection(SolutionProperties) = preSolution
		HideSolutionNode = FALSE
	EndGlobalSection
	GlobalSection(NestedProjects) = preSolution
		{65B88184-1381-4830-BA36-E48DF9B17101} = {210BDC3F-47CB-4C9C-A26A-58AF1C7EEBCD}
		{5EF904D3-0BFA-40E3-BA39-D4BD10FE0136} = {A31DE62A-6D48-49F4-8152-1BF5AC1DC7DB}
		{424BA8E7-2AD6-4D15-BF9D-2E3236D0FF6C} = {6C8C78EF-5F8B-45F7-A85B-5E6D38806416}
		{70E0CA88-B473-4A95-A647-B564837F81FE} = {10F7F18B-81A4-4DC6-AFB2-F8AED7CB0E58}
	EndGlobalSection
	GlobalSection(ExtensibilityGlobals) = postSolution
		SolutionGuid = {3C954E50-5F49-48E7-AAC6-81D9F5B3DC39}
	EndGlobalSection
EndGlobal
